<?xml version="1.0" encoding="utf-8"?>
<Project ToolsVersion="4.0" xmlns="http://schemas.microsoft.com/developer/msbuild/2003">
  <ItemGroup>
    <Filter Include="源文件">
      <UniqueIdentifier>{4FC737F1-C7A5-4376-A066-2A32D752A2FF}</UniqueIdentifier>
      <Extensions>cpp;c;cc;cxx;def;odl;idl;hpj;bat;asm;asmx</Extensions>
    </Filter>
    <Filter Include="头文件">
      <UniqueIdentifier>{93995380-89BD-4b04-88EB-625FBE52EBFB}</UniqueIdentifier>
      <Extensions>h;hh;hpp;hxx;hm;inl;inc;xsd</Extensions>
    </Filter>
    <Filter Include="资源文件">
      <UniqueIdentifier>{67DA6AB6-F800-4c08-8B7A-83BB121AAD01}</UniqueIdentifier>
      <Extensions>rc;ico;cur;bmp;dlg;rc2;rct;bin;rgs;gif;jpg;jpeg;jpe;resx;tiff;tif;png;wav;mfcribbon-ms</Extensions>
    </Filter>
  </ItemGroup>
  <ItemGroup>
    <ClInclude Include="..\..\..\bsp\stm32f40x\cpptools\ACTransducer.h">
      <Filter>头文件</Filter>
    </ClInclude>
    <ClInclude Include="..\..\..\bsp\stm32f40x\cpptools\AFTransducer.h">
      <Filter>头文件</Filter>
    </ClInclude>
    <ClInclude Include="..\..\..\bsp\stm32f40x\cpptools\api.h">
      <Filter>头文件</Filter>
    </ClInclude>
    <ClInclude Include="..\..\..\bsp\stm32f40x\cpptools\Contactor.h">
      <Filter>头文件</Filter>
    </ClInclude>
    <ClInclude Include="..\..\..\bsp\stm32f40x\cpptools\DCTransducer.h">
      <Filter>头文件</Filter>
    </ClInclude>
    <ClInclude Include="..\..\..\bsp\stm32f40x\cpptools\Device.h">
      <Filter>头文件</Filter>
    </ClInclude>
    <ClInclude Include="..\..\..\bsp\stm32f40x\cpptools\Failure.h">
      <Filter>头文件</Filter>
    </ClInclude>
    <ClInclude Include="..\..\..\bsp\stm32f40x\cpptools\FailureCheck.h">
      <Filter>头文件</Filter>
    </ClInclude>
    <ClInclude Include="..\..\..\bsp\stm32f40x\cpptools\IOTransducer.h">
      <Filter>头文件</Filter>
    </ClInclude>
    <ClInclude Include="..\..\..\bsp\stm32f40x\cpptools\ITransducer.h">
      <Filter>头文件</Filter>
    </ClInclude>
    <ClInclude Include="..\..\..\bsp\stm32f40x\cpptools\link.h">
      <Filter>头文件</Filter>
    </ClInclude>
    <ClInclude Include="..\..\..\bsp\stm32f40x\cpptools\list.h">
      <Filter>头文件</Filter>
    </ClInclude>
    <ClInclude Include="..\..\..\bsp\stm32f40x\cpptools\OnOff.h">
      <Filter>头文件</Filter>
    </ClInclude>
    <ClInclude Include="..\..\..\bsp\stm32f40x\cpptools\Product.h">
      <Filter>头文件</Filter>
    </ClInclude>
    <ClInclude Include="..\..\..\bsp\stm32f40x\cpptools\Relay.h">
      <Filter>头文件</Filter>
    </ClInclude>
    <ClInclude Include="..\..\..\bsp\stm32f40x\cpptools\RelayModule.h">
      <Filter>头文件</Filter>
    </ClInclude>
    <ClInclude Include="..\..\..\bsp\stm32f40x\applications\bch.h">
      <Filter>头文件</Filter>
    </ClInclude>
    <ClInclude Include="..\..\..\bsp\stm32f40x\applications\gbc.h">
      <Filter>头文件</Filter>
    </ClInclude>
    <ClInclude Include="..\..\..\bsp\stm32f40x\applications\dataset.h">
      <Filter>头文件</Filter>
    </ClInclude>
  </ItemGroup>
  <ItemGroup>
    <ClCompile Include="..\..\..\bsp\stm32f40x\applications\bch.cpp">
      <Filter>源文件</Filter>
    </ClCompile>
    <ClCompile Include="..\..\..\bsp\stm32f40x\applications\gbc.cpp">
      <Filter>源文件</Filter>
    </ClCompile>
    <ClCompile Include="..\..\..\bsp\stm32f40x\cpptools\ACTransducer.cpp">
      <Filter>源文件</Filter>
    </ClCompile>
    <ClCompile Include="..\..\..\bsp\stm32f40x\cpptools\AFTransducer.cpp">
      <Filter>源文件</Filter>
    </ClCompile>
    <ClCompile Include="..\..\..\bsp\stm32f40x\cpptools\Contactor.cpp">
      <Filter>源文件</Filter>
    </ClCompile>
    <ClCompile Include="..\..\..\bsp\stm32f40x\cpptools\DCTransducer.cpp">
      <Filter>源文件</Filter>
    </ClCompile>
    <ClCompile Include="..\..\..\bsp\stm32f40x\cpptools\Failure.cpp">
      <Filter>源文件</Filter>
    </ClCompile>
    <ClCompile Include="..\..\..\bsp\stm32f40x\cpptools\FailureCheck.cpp">
      <Filter>源文件</Filter>
    </ClCompile>
    <ClCompile Include="..\..\..\bsp\stm32f40x\cpptools\IOTransducer.cpp">
      <Filter>源文件</Filter>
    </ClCompile>
    <ClCompile Include="..\..\..\bsp\stm32f40x\cpptools\Product.cpp">
      <Filter>源文件</Filter>
    </ClCompile>
    <ClCompile Include="..\..\..\bsp\stm32f40x\cpptools\Relay.cpp">
      <Filter>源文件</Filter>
    </ClCompile>
    <ClCompile Include="..\..\..\bsp\stm32f40x\cpptools\RelayModule.cpp">
      <Filter>源文件</Filter>
    </ClCompile>
    <ClCompile Include="..\..\..\bsp\stm32f40x\applications\gbcapp.cpp">
      <Filter>源文件</Filter>
    </ClCompile>
  </ItemGroup>
</Project>